
Microsoft Visual Studio Solution File, Format Version 12.00
# Visual Studio 14
VisualStudioVersion = 14.0.23107.0
MinimumVisualStudioVersion = 10.0.40219.1
Project("{FAE04EC0-301F-11D3-BF4B-00C04F79EFBC}") = "ProductsServiceLibrary", "ProductsServiceLibrary\ProductsServiceLibrary.csproj", "{762D8A15-19AD-4678-B40B-A6636337CAF9}"
EndProject
Project("{FAE04EC0-301F-11D3-BF4B-00C04F79EFBC}") = "SelfHost", "SelfHost\SelfHost.csproj", "{4DC19E1A-72A8-4512-A2AB-C1805F49CC00}"
EndProject
Project("{FAE04EC0-301F-11D3-BF4B-00C04F79EFBC}") = "WindowsClient", "WindowsClient\WindowsClient.csproj", "{54E655F6-DF5C-4D1E-BFA1-2769EE9A20DD}"
EndProject
Global
	GlobalSection(SolutionConfigurationPlatforms) = preSolution
		Debug|Any CPU = Debug|Any CPU
		Release|Any CPU = Release|Any CPU
	EndGlobalSection
	GlobalSection(ProjectConfigurationPlatforms) = postSolution
		{762D8A15-19AD-4678-B40B-A6636337CAF9}.Debug|Any CPU.ActiveCfg = Debug|Any CPU
		{762D8A15-19AD-4678-B40B-A6636337CAF9}.Debug|Any CPU.Build.0 = Debug|Any CPU
		{762D8A15-19AD-4678-B40B-A6636337CAF9}.Release|Any CPU.ActiveCfg = Release|Any CPU
		{762D8A15-19AD-4678-B40B-A6636337CAF9}.Release|Any CPU.Build.0 = Release|Any CPU
		{4DC19E1A-72A8-4512-A2AB-C1805F49CC00}.Debug|Any CPU.ActiveCfg = Debug|Any CPU
		{4DC19E1A-72A8-4512-A2AB-C1805F49CC00}.Debug|Any CPU.Build.0 = Debug|Any CPU
		{4DC19E1A-72A8-4512-A2AB-C1805F49CC00}.Release|Any CPU.ActiveCfg = Release|Any CPU
		{4DC19E1A-72A8-4512-A2AB-C1805F49CC00}.Release|Any CPU.Build.0 = Release|Any CPU
		{54E655F6-DF5C-4D1E-BFA1-2769EE9A20DD}.Debug|Any CPU.ActiveCfg = Debug|Any CPU
		{54E655F6-DF5C-4D1E-BFA1-2769EE9A20DD}.Debug|Any CPU.Build.0 = Debug|Any CPU
		{54E655F6-DF5C-4D1E-BFA1-2769EE9A20DD}.Release|Any CPU.ActiveCfg = Release|Any CPU
		{54E655F6-DF5C-4D1E-BFA1-2769EE9A20DD}.Release|Any CPU.Build.0 = Release|Any CPU
	EndGlobalSection
	GlobalSection(SolutionProperties) = preSolution
		HideSolutionNode = FALSE
	EndGlobalSection
EndGlobal
